
Microsoft Visual Studio Solution File, Format Version 11.00
# Visual Studio 2010
Project("{FAE04EC0-301F-11D3-BF4B-00C04F79EFBC}") = "Xyperico.Website.Core", "Xyperico.Website.Core\Xyperico.Website.Core.csproj", "{D81F8AD2-48CB-4499-9456-990CC7937C2A}"
EndProject
Project("{FAE04EC0-301F-11D3-BF4B-00C04F79EFBC}") = "Xyperico.Website.Host", "Xyperico.Website.Host\Xyperico.Website.Host.csproj", "{EBDDE77C-5AE4-4EC9-BF58-6220AE62FF83}"
EndProject
Global
	GlobalSection(SolutionConfigurationPlatforms) = preSolution
		Debug|Any CPU = Debug|Any CPU
		Release|Any CPU = Release|Any CPU
	EndGlobalSection
	GlobalSection(ProjectConfigurationPlatforms) = postSolution
		{D81F8AD2-48CB-4499-9456-990CC7937C2A}.Debug|Any CPU.ActiveCfg = Debug|Any CPU
		{D81F8AD2-48CB-4499-9456-990CC7937C2A}.Debug|Any CPU.Build.0 = Debug|Any CPU
		{D81F8AD2-48CB-4499-9456-990CC7937C2A}.Release|Any CPU.ActiveCfg = Release|Any CPU
		{D81F8AD2-48CB-4499-9456-990CC7937C2A}.Release|Any CPU.Build.0 = Release|Any CPU
		{EBDDE77C-5AE4-4EC9-BF58-6220AE62FF83}.Debug|Any CPU.ActiveCfg = Debug|Any CPU
		{EBDDE77C-5AE4-4EC9-BF58-6220AE62FF83}.Debug|Any CPU.Build.0 = Debug|Any CPU
		{EBDDE77C-5AE4-4EC9-BF58-6220AE62FF83}.Release|Any CPU.ActiveCfg = Release|Any CPU
		{EBDDE77C-5AE4-4EC9-BF58-6220AE62FF83}.Release|Any CPU.Build.0 = Release|Any CPU
	EndGlobalSection
	GlobalSection(SolutionProperties) = preSolution
		HideSolutionNode = FALSE
	EndGlobalSection
EndGlobal
