
Microsoft Visual Studio Solution File, Format Version 11.00
# Visual Studio 2010
Project("{2150E333-8FDC-42A3-9474-1A3956D46DE8}") = "Base", "Base", "{F6DAD50D-B869-4063-8539-3BB307D535FC}"
EndProject
Project("{FAE04EC0-301F-11D3-BF4B-00C04F79EFBC}") = "Xyperico.Base", "..\Xyperico\Source\Xyperico.Base\Xyperico.Base\Xyperico.Base.csproj", "{054A30BA-B232-4FF1-9F23-1040D075764A}"
EndProject
Project("{FAE04EC0-301F-11D3-BF4B-00C04F79EFBC}") = "Xyperico.Web.Mvc", "..\Xyperico\Source\Xyperico.Web\Xyperico.Web.Mvc\Xyperico.Web.Mvc.csproj", "{5BAC1705-410B-4B27-AA97-03C1EF567E1A}"
EndProject
Project("{FAE04EC0-301F-11D3-BF4B-00C04F79EFBC}") = "Xyperico.Website.Core", "Xyperico.Website.Core\Xyperico.Website.Core.csproj", "{D81F8AD2-48CB-4499-9456-990CC7937C2A}"
EndProject
Project("{FAE04EC0-301F-11D3-BF4B-00C04F79EFBC}") = "Xyperico.Website.Host", "Xyperico.Website.Host\Xyperico.Website.Host.csproj", "{EBDDE77C-5AE4-4EC9-BF58-6220AE62FF83}"
EndProject
Project("{FAE04EC0-301F-11D3-BF4B-00C04F79EFBC}") = "Xyperico.Base.MongoDB", "..\Xyperico\Source\Xyperico.Base\Xyperico.Base.MongoDB\Xyperico.Base.MongoDB\Xyperico.Base.MongoDB.csproj", "{DF1A3B54-FD53-414F-8C54-0D9F6EDEB2C9}"
EndProject
Global
	GlobalSection(SolutionConfigurationPlatforms) = preSolution
		Debug|Any CPU = Debug|Any CPU
		Release|Any CPU = Release|Any CPU
	EndGlobalSection
	GlobalSection(ProjectConfigurationPlatforms) = postSolution
		{054A30BA-B232-4FF1-9F23-1040D075764A}.Debug|Any CPU.ActiveCfg = Debug|Any CPU
		{054A30BA-B232-4FF1-9F23-1040D075764A}.Debug|Any CPU.Build.0 = Debug|Any CPU
		{054A30BA-B232-4FF1-9F23-1040D075764A}.Release|Any CPU.ActiveCfg = Release|Any CPU
		{054A30BA-B232-4FF1-9F23-1040D075764A}.Release|Any CPU.Build.0 = Release|Any CPU
		{5BAC1705-410B-4B27-AA97-03C1EF567E1A}.Debug|Any CPU.ActiveCfg = Debug|Any CPU
		{5BAC1705-410B-4B27-AA97-03C1EF567E1A}.Debug|Any CPU.Build.0 = Debug|Any CPU
		{5BAC1705-410B-4B27-AA97-03C1EF567E1A}.Release|Any CPU.ActiveCfg = Release|Any CPU
		{5BAC1705-410B-4B27-AA97-03C1EF567E1A}.Release|Any CPU.Build.0 = Release|Any CPU
		{D81F8AD2-48CB-4499-9456-990CC7937C2A}.Debug|Any CPU.ActiveCfg = Debug|Any CPU
		{D81F8AD2-48CB-4499-9456-990CC7937C2A}.Debug|Any CPU.Build.0 = Debug|Any CPU
		{D81F8AD2-48CB-4499-9456-990CC7937C2A}.Release|Any CPU.ActiveCfg = Release|Any CPU
		{D81F8AD2-48CB-4499-9456-990CC7937C2A}.Release|Any CPU.Build.0 = Release|Any CPU
		{EBDDE77C-5AE4-4EC9-BF58-6220AE62FF83}.Debug|Any CPU.ActiveCfg = Debug|Any CPU
		{EBDDE77C-5AE4-4EC9-BF58-6220AE62FF83}.Debug|Any CPU.Build.0 = Debug|Any CPU
		{EBDDE77C-5AE4-4EC9-BF58-6220AE62FF83}.Release|Any CPU.ActiveCfg = Release|Any CPU
		{EBDDE77C-5AE4-4EC9-BF58-6220AE62FF83}.Release|Any CPU.Build.0 = Release|Any CPU
		{DF1A3B54-FD53-414F-8C54-0D9F6EDEB2C9}.Debug|Any CPU.ActiveCfg = Debug|Any CPU
		{DF1A3B54-FD53-414F-8C54-0D9F6EDEB2C9}.Debug|Any CPU.Build.0 = Debug|Any CPU
		{DF1A3B54-FD53-414F-8C54-0D9F6EDEB2C9}.Release|Any CPU.ActiveCfg = Release|Any CPU
		{DF1A3B54-FD53-414F-8C54-0D9F6EDEB2C9}.Release|Any CPU.Build.0 = Release|Any CPU
	EndGlobalSection
	GlobalSection(SolutionProperties) = preSolution
		HideSolutionNode = FALSE
	EndGlobalSection
	GlobalSection(NestedProjects) = preSolution
		{054A30BA-B232-4FF1-9F23-1040D075764A} = {F6DAD50D-B869-4063-8539-3BB307D535FC}
		{5BAC1705-410B-4B27-AA97-03C1EF567E1A} = {F6DAD50D-B869-4063-8539-3BB307D535FC}
		{DF1A3B54-FD53-414F-8C54-0D9F6EDEB2C9} = {F6DAD50D-B869-4063-8539-3BB307D535FC}
	EndGlobalSection
EndGlobal
